// !$*UTF8*$!
{
	archiveVersion = 1;
	classes = {
	};
	objectVersion = 56;
	objects = {

/* Begin PBXBuildFile section */
		0BE1D0892C09838400CD172F /* swift_clientApp.swift in Sources */ = {isa = PBXBuildFile; fileRef = 0BE1D0882C09838400CD172F /* swift_clientApp.swift */; };
		0BE1D08B2C09838400CD172F /* ContentView.swift in Sources */ = {isa = PBXBuildFile; fileRef = 0BE1D08A2C09838400CD172F /* ContentView.swift */; };
		0BE1D08D2C09838500CD172F /* Assets.xcassets in Resources */ = {isa = PBXBuildFile; fileRef = 0BE1D08C2C09838500CD172F /* Assets.xcassets */; };
		0BE1D0902C09838500CD172F /* Preview Assets.xcassets in Resources */ = {isa = PBXBuildFile; fileRef = 0BE1D08F2C09838500CD172F /* Preview Assets.xcassets */; };
		0BE1D0972C0A831100CD172F /* TabBarViewer.swift in Sources */ = {isa = PBXBuildFile; fileRef = 0BE1D0962C0A831100CD172F /* TabBarViewer.swift */; };
		0BE1D0992C0A83F600CD172F /* Home.swift in Sources */ = {isa = PBXBuildFile; fileRef = 0BE1D0982C0A83F600CD172F /* Home.swift */; };
		0BE1D09B2C0A843900CD172F /* PlaceDetailView.swift in Sources */ = {isa = PBXBuildFile; fileRef = 0BE1D09A2C0A843900CD172F /* PlaceDetailView.swift */; };
		0BE1D09D2C0A846A00CD172F /* BlurView.swift in Sources */ = {isa = PBXBuildFile; fileRef = 0BE1D09C2C0A846A00CD172F /* BlurView.swift */; };
		0BE1D09F2C0A857100CD172F /* UIScrollViewController.swift in Sources */ = {isa = PBXBuildFile; fileRef = 0BE1D09E2C0A857100CD172F /* UIScrollViewController.swift */; };
/* End PBXBuildFile section */

/* Begin PBXFileReference section */
		0BE1D0852C09838400CD172F /* swift-client.app */ = {isa = PBXFileReference; explicitFileType = wrapper.application; includeInIndex = 0; path = "swift-client.app"; sourceTree = BUILT_PRODUCTS_DIR; };
		0BE1D0882C09838400CD172F /* swift_clientApp.swift */ = {isa = PBXFileReference; lastKnownFileType = sourcecode.swift; path = swift_clientApp.swift; sourceTree = "<group>"; };
		0BE1D08A2C09838400CD172F /* ContentView.swift */ = {isa = PBXFileReference; lastKnownFileType = sourcecode.swift; path = ContentView.swift; sourceTree = "<group>"; };
		0BE1D08C2C09838500CD172F /* Assets.xcassets */ = {isa = PBXFileReference; lastKnownFileType = folder.assetcatalog; path = Assets.xcassets; sourceTree = "<group>"; };
		0BE1D08F2C09838500CD172F /* Preview Assets.xcassets */ = {isa = PBXFileReference; lastKnownFileType = folder.assetcatalog; path = "Preview Assets.xcassets"; sourceTree = "<group>"; };
		0BE1D0962C0A831100CD172F /* TabBarViewer.swift */ = {isa = PBXFileReference; lastKnownFileType = sourcecode.swift; path = TabBarViewer.swift; sourceTree = "<group>"; };
		0BE1D0982C0A83F600CD172F /* Home.swift */ = {isa = PBXFileReference; lastKnownFileType = sourcecode.swift; path = Home.swift; sourceTree = "<group>"; };
		0BE1D09A2C0A843900CD172F /* PlaceDetailView.swift */ = {isa = PBXFileReference; lastKnownFileType = sourcecode.swift; path = PlaceDetailView.swift; sourceTree = "<group>"; };
		0BE1D09C2C0A846A00CD172F /* BlurView.swift */ = {isa = PBXFileReference; lastKnownFileType = sourcecode.swift; path = BlurView.swift; sourceTree = "<group>"; };
		0BE1D09E2C0A857100CD172F /* UIScrollViewController.swift */ = {isa = PBXFileReference; lastKnownFileType = sourcecode.swift; path = UIScrollViewController.swift; sourceTree = "<group>"; };
/* End PBXFileReference section */

/* Begin PBXFrameworksBuildPhase section */
		0BE1D0822C09838400CD172F /* Frameworks */ = {
			isa = PBXFrameworksBuildPhase;
			buildActionMask = 2147483647;
			files = (
			);
			runOnlyForDeploymentPostprocessing = 0;
		};
/* End PBXFrameworksBuildPhase section */

/* Begin PBXGroup section */
		0BE1D07C2C09838400CD172F = {
			isa = PBXGroup;
			children = (
				0BE1D0872C09838400CD172F /* swift-client */,
				0BE1D0862C09838400CD172F /* Products */,
			);
			sourceTree = "<group>";
		};
		0BE1D0862C09838400CD172F /* Products */ = {
			isa = PBXGroup;
			children = (
				0BE1D0852C09838400CD172F /* swift-client.app */,
			);
			name = Products;
			sourceTree = "<group>";
		};
		0BE1D0872C09838400CD172F /* swift-client */ = {
			isa = PBXGroup;
			children = (
				0BE1D0962C0A831100CD172F /* TabBarViewer.swift */,
				0BE1D0882C09838400CD172F /* swift_clientApp.swift */,
				0BE1D08A2C09838400CD172F /* ContentView.swift */,
				0BE1D0982C0A83F600CD172F /* Home.swift */,
				0BE1D09A2C0A843900CD172F /* PlaceDetailView.swift */,
				0BE1D09E2C0A857100CD172F /* UIScrollViewController.swift */,
				0BE1D09C2C0A846A00CD172F /* BlurView.swift */,
				0BE1D08C2C09838500CD172F /* Assets.xcassets */,
				0BE1D08E2C09838500CD172F /* Preview Content */,
			);
			path = "swift-client";
			sourceTree = "<group>";
		};
		0BE1D08E2C09838500CD172F /* Preview Content */ = {
			isa = PBXGroup;
			children = (
				0BE1D08F2C09838500CD172F /* Preview Assets.xcassets */,
			);
			path = "Preview Content";
			sourceTree = "<group>";
		};
/* End PBXGroup section */

/* Begin PBXNativeTarget section */
		0BE1D0842C09838400CD172F /* swift-client */ = {
			isa = PBXNativeTarget;
			buildConfigurationList = 0BE1D0932C09838500CD172F /* Build configuration list for PBXNativeTarget "swift-client" */;
			buildPhases = (
				0BE1D0812C09838400CD172F /* Sources */,
				0BE1D0822C09838400CD172F /* Frameworks */,
				0BE1D0832C09838400CD172F /* Resources */,
			);
			buildRules = (
			);
			dependencies = (
			);
			name = "swift-client";
			productName = "swift-client";
			productReference = 0BE1D0852C09838400CD172F /* swift-client.app */;
			productType = "com.apple.product-type.application";
		};
/* End PBXNativeTarget section */

/* Begin PBXProject section */
		0BE1D07D2C09838400CD172F /* Project object */ = {
			isa = PBXProject;
			attributes = {
				BuildIndependentTargetsInParallel = 1;
				LastSwiftUpdateCheck = 1430;
				LastUpgradeCheck = 1430;
				TargetAttributes = {
					0BE1D0842C09838400CD172F = {
						CreatedOnToolsVersion = 14.3.1;
					};
				};
			};
			buildConfigurationList = 0BE1D0802C09838400CD172F /* Build configuration list for PBXProject "swift-client" */;
			compatibilityVersion = "Xcode 14.0";
			developmentRegion = en;
			hasScannedForEncodings = 0;
			knownRegions = (
				en,
				Base,
			);
			mainGroup = 0BE1D07C2C09838400CD172F;
			productRefGroup = 0BE1D0862C09838400CD172F /* Products */;
			projectDirPath = "";
			projectRoot = "";
			targets = (
				0BE1D0842C09838400CD172F /* swift-client */,
			);
		};
/* End PBXProject section */

/* Begin PBXResourcesBuildPhase section */
		0BE1D0832C09838400CD172F /* Resources */ = {
			isa = PBXResourcesBuildPhase;
			buildActionMask = 2147483647;
			files = (
				0BE1D0902C09838500CD172F /* Preview Assets.xcassets in Resources */,
				0BE1D08D2C09838500CD172F /* Assets.xcassets in Resources */,
			);
			runOnlyForDeploymentPostprocessing = 0;
		};
/* End PBXResourcesBuildPhase section */

/* Begin PBXSourcesBuildPhase section */
		0BE1D0812C09838400CD172F /* Sources */ = {
			isa = PBXSourcesBuildPhase;
			buildActionMask = 2147483647;
			files = (
				0BE1D09B2C0A843900CD172F /* PlaceDetailView.swift in Sources */,
				0BE1D0972C0A831100CD172F /* TabBarViewer.swift in Sources */,
				0BE1D08B2C09838400CD172F /* ContentView.swift in Sources */,
				0BE1D0992C0A83F600CD172F /* Home.swift in Sources */,
				0BE1D09F2C0A857100CD172F /* UIScrollViewController.swift in Sources */,
				0BE1D0892C09838400CD172F /* swift_clientApp.swift in Sources */,
				0BE1D09D2C0A846A00CD172F /* BlurView.swift in Sources */,
			);
			runOnlyForDeploymentPostprocessing = 0;
		};
/* End PBXSourcesBuildPhase section */

/* Begin XCBuildConfiguration section */
		0BE1D0912C09838500CD172F /* Debug */ = {
			isa = XCBuildConfiguration;
			buildSettings = {
				ALWAYS_SEARCH_USER_PATHS = NO;
				CLANG_ANALYZER_NONNULL = YES;
				CLANG_ANALYZER_NUMBER_OBJECT_CONVERSION = YES_AGGRESSIVE;
				CLANG_CXX_LANGUAGE_STANDARD = "gnu++20";
				CLANG_ENABLE_MODULES = YES;
				CLANG_ENABLE_OBJC_ARC = YES;
				CLANG_ENABLE_OBJC_WEAK = YES;
				CLANG_WARN_BLOCK_CAPTURE_AUTORELEASING = YES;
				CLANG_WARN_BOOL_CONVERSION = YES;
				CLANG_WARN_COMMA = YES;
				CLANG_WARN_CONSTANT_CONVERSION = YES;
				CLANG_WARN_DEPRECATED_OBJC_IMPLEMENTATIONS = YES;
				CLANG_WARN_DIRECT_OBJC_ISA_USAGE = YES_ERROR;
				CLANG_WARN_DOCUMENTATION_COMMENTS = YES;
				CLANG_WARN_EMPTY_BODY = YES;
				CLANG_WARN_ENUM_CONVERSION = YES;
				CLANG_WARN_INFINITE_RECURSION = YES;
				CLANG_WARN_INT_CONVERSION = YES;
				CLANG_WARN_NON_LITERAL_NULL_CONVERSION = YES;
				CLANG_WARN_OBJC_IMPLICIT_RETAIN_SELF = YES;
				CLANG_WARN_OBJC_LITERAL_CONVERSION = YES;
				CLANG_WARN_OBJC_ROOT_CLASS = YES_ERROR;
				CLANG_WARN_QUOTED_INCLUDE_IN_FRAMEWORK_HEADER = YES;
				CLANG_WARN_RANGE_LOOP_ANALYSIS = YES;
				CLANG_WARN_STRICT_PROTOTYPES = YES;
				CLANG_WARN_SUSPICIOUS_MOVE = YES;
				CLANG_WARN_UNGUARDED_AVAILABILITY = YES_AGGRESSIVE;
				CLANG_WARN_UNREACHABLE_CODE = YES;
				CLANG_WARN__DUPLICATE_METHOD_MATCH = YES;
				COPY_PHASE_STRIP = NO;
				DEBUG_INFORMATION_FORMAT = dwarf;
				ENABLE_STRICT_OBJC_MSGSEND = YES;
				ENABLE_TESTABILITY = YES;
				GCC_C_LANGUAGE_STANDARD = gnu11;
				GCC_DYNAMIC_NO_PIC = NO;
				GCC_NO_COMMON_BLOCKS = YES;
				GCC_OPTIMIZATION_LEVEL = 0;
				GCC_PREPROCESSOR_DEFINITIONS = (
					"DEBUG=1",
					"$(inherited)",
				);
				GCC_WARN_64_TO_32_BIT_CONVERSION = YES;
				GCC_WARN_ABOUT_RETURN_TYPE = YES_ERROR;
				GCC_WARN_UNDECLARED_SELECTOR = YES;
				GCC_WARN_UNINITIALIZED_AUTOS = YES_AGGRESSIVE;
				GCC_WARN_UNUSED_FUNCTION = YES;
				GCC_WARN_UNUSED_VARIABLE = YES;
				IPHONEOS_DEPLOYMENT_TARGET = 16.4;
				MTL_ENABLE_DEBUG_INFO = INCLUDE_SOURCE;
				MTL_FAST_MATH = YES;
				ONLY_ACTIVE_ARCH = YES;
				SDKROOT = iphoneos;
				SWIFT_ACTIVE_COMPILATION_CONDITIONS = DEBUG;
				SWIFT_OPTIMIZATION_LEVEL = "-Onone";
			};
			name = Debug;
		};
		0BE1D0922C09838500CD172F /* Release */ = {
			isa = XCBuildConfiguration;
			buildSettings = {
				ALWAYS_SEARCH_USER_PATHS = NO;
				CLANG_ANALYZER_NONNULL = YES;
				CLANG_ANALYZER_NUMBER_OBJECT_CONVERSION = YES_AGGRESSIVE;
				CLANG_CXX_LANGUAGE_STANDARD = "gnu++20";
				CLANG_ENABLE_MODULES = YES;
				CLANG_ENABLE_OBJC_ARC = YES;
				CLANG_ENABLE_OBJC_WEAK = YES;
				CLANG_WARN_BLOCK_CAPTURE_AUTORELEASING = YES;
				CLANG_WARN_BOOL_CONVERSION = YES;
				CLANG_WARN_COMMA = YES;
				CLANG_WARN_CONSTANT_CONVERSION = YES;
				CLANG_WARN_DEPRECATED_OBJC_IMPLEMENTATIONS = YES;
				CLANG_WARN_DIRECT_OBJC_ISA_USAGE = YES_ERROR;
				CLANG_WARN_DOCUMENTATION_COMMENTS = YES;
				CLANG_WARN_EMPTY_BODY = YES;
				CLANG_WARN_ENUM_CONVERSION = YES;
				CLANG_WARN_INFINITE_RECURSION = YES;
				CLANG_WARN_INT_CONVERSION = YES;
				CLANG_WARN_NON_LITERAL_NULL_CONVERSION = YES;
				CLANG_WARN_OBJC_IMPLICIT_RETAIN_SELF = YES;
				CLANG_WARN_OBJC_LITERAL_CONVERSION = YES;
				CLANG_WARN_OBJC_ROOT_CLASS = YES_ERROR;
				CLANG_WARN_QUOTED_INCLUDE_IN_FRAMEWORK_HEADER = YES;
				CLANG_WARN_RANGE_LOOP_ANALYSIS = YES;
				CLANG_WARN_STRICT_PROTOTYPES = YES;
				CLANG_WARN_SUSPICIOUS_MOVE = YES;
				CLANG_WARN_UNGUARDED_AVAILABILITY = YES_AGGRESSIVE;
				CLANG_WARN_UNREACHABLE_CODE = YES;
				CLANG_WARN__DUPLICATE_METHOD_MATCH = YES;
				COPY_PHASE_STRIP = NO;
				DEBUG_INFORMATION_FORMAT = "dwarf-with-dsym";
				ENABLE_NS_ASSERTIONS = NO;
				ENABLE_STRICT_OBJC_MSGSEND = YES;
				GCC_C_LANGUAGE_STANDARD = gnu11;
				GCC_NO_COMMON_BLOCKS = YES;
				GCC_WARN_64_TO_32_BIT_CONVERSION = YES;
				GCC_WARN_ABOUT_RETURN_TYPE = YES_ERROR;
				GCC_WARN_UNDECLARED_SELECTOR = YES;
				GCC_WARN_UNINITIALIZED_AUTOS = YES_AGGRESSIVE;
				GCC_WARN_UNUSED_FUNCTION = YES;
				GCC_WARN_UNUSED_VARIABLE = YES;
				IPHONEOS_DEPLOYMENT_TARGET = 16.4;
				MTL_ENABLE_DEBUG_INFO = NO;
				MTL_FAST_MATH = YES;
				SDKROOT = iphoneos;
				SWIFT_COMPILATION_MODE = wholemodule;
				SWIFT_OPTIMIZATION_LEVEL = "-O";
				VALIDATE_PRODUCT = YES;
			};
			name = Release;
		};
		0BE1D0942C09838500CD172F /* Debug */ = {
			isa = XCBuildConfiguration;
			buildSettings = {
				ASSETCATALOG_COMPILER_APPICON_NAME = AppIcon;
				ASSETCATALOG_COMPILER_GLOBAL_ACCENT_COLOR_NAME = AccentColor;
				CODE_SIGN_STYLE = Automatic;
				CURRENT_PROJECT_VERSION = 1;
				DEVELOPMENT_ASSET_PATHS = "\"swift-client/Preview Content\"";
				DEVELOPMENT_TEAM = N45PD95J6D;
				ENABLE_PREVIEWS = YES;
				GENERATE_INFOPLIST_FILE = YES;
				INFOPLIST_KEY_UIApplicationSceneManifest_Generation = YES;
				INFOPLIST_KEY_UIApplicationSupportsIndirectInputEvents = YES;
				INFOPLIST_KEY_UILaunchScreen_Generation = YES;
				INFOPLIST_KEY_UISupportedInterfaceOrientations_iPad = "UIInterfaceOrientationPortrait UIInterfaceOrientationPortraitUpsideDown UIInterfaceOrientationLandscapeLeft UIInterfaceOrientationLandscapeRight";
				INFOPLIST_KEY_UISupportedInterfaceOrientations_iPhone = "UIInterfaceOrientationPortrait UIInterfaceOrientationLandscapeLeft UIInterfaceOrientationLandscapeRight";
				LD_RUNPATH_SEARCH_PATHS = (
					"$(inherited)",
					"@executable_path/Frameworks",
				);
				MARKETING_VERSION = 1.0;
				PRODUCT_BUNDLE_IDENTIFIER = "swiftclient.swift-client";
				PRODUCT_NAME = "$(TARGET_NAME)";
				SWIFT_EMIT_LOC_STRINGS = YES;
				SWIFT_VERSION = 5.0;
				TARGETED_DEVICE_FAMILY = "1,2";
			};
			name = Debug;
		};
		0BE1D0952C09838500CD172F /* Release */ = {
			isa = XCBuildConfiguration;
			buildSettings = {
				ASSETCATALOG_COMPILER_APPICON_NAME = AppIcon;
				ASSETCATALOG_COMPILER_GLOBAL_ACCENT_COLOR_NAME = AccentColor;
				CODE_SIGN_STYLE = Automatic;
				CURRENT_PROJECT_VERSION = 1;
				DEVELOPMENT_ASSET_PATHS = "\"swift-client/Preview Content\"";
				DEVELOPMENT_TEAM = N45PD95J6D;
				ENABLE_PREVIEWS = YES;
				GENERATE_INFOPLIST_FILE = YES;
				INFOPLIST_KEY_UIApplicationSceneManifest_Generation = YES;
				INFOPLIST_KEY_UIApplicationSupportsIndirectInputEvents = YES;
				INFOPLIST_KEY_UILaunchScreen_Generation = YES;
				INFOPLIST_KEY_UISupportedInterfaceOrientations_iPad = "UIInterfaceOrientationPortrait UIInterfaceOrientationPortraitUpsideDown UIInterfaceOrientationLandscapeLeft UIInterfaceOrientationLandscapeRight";
				INFOPLIST_KEY_UISupportedInterfaceOrientations_iPhone = "UIInterfaceOrientationPortrait UIInterfaceOrientationLandscapeLeft UIInterfaceOrientationLandscapeRight";
				LD_RUNPATH_SEARCH_PATHS = (
					"$(inherited)",
					"@executable_path/Frameworks",
				);
				MARKETING_VERSION = 1.0;
				PRODUCT_BUNDLE_IDENTIFIER = "swiftclient.swift-client";
				PRODUCT_NAME = "$(TARGET_NAME)";
				SWIFT_EMIT_LOC_STRINGS = YES;
				SWIFT_VERSION = 5.0;
				TARGETED_DEVICE_FAMILY = "1,2";
			};
			name = Release;
		};
/* End XCBuildConfiguration section */

/* Begin XCConfigurationList section */
		0BE1D0802C09838400CD172F /* Build configuration list for PBXProject "swift-client" */ = {
			isa = XCConfigurationList;
			buildConfigurations = (
				0BE1D0912C09838500CD172F /* Debug */,
				0BE1D0922C09838500CD172F /* Release */,
			);
			defaultConfigurationIsVisible = 0;
			defaultConfigurationName = Release;
		};
		0BE1D0932C09838500CD172F /* Build configuration list for PBXNativeTarget "swift-client" */ = {
			isa = XCConfigurationList;
			buildConfigurations = (
				0BE1D0942C09838500CD172F /* Debug */,
				0BE1D0952C09838500CD172F /* Release */,
			);
			defaultConfigurationIsVisible = 0;
			defaultConfigurationName = Release;
		};
/* End XCConfigurationList section */
	};
	rootObject = 0BE1D07D2C09838400CD172F /* Project object */;
}
